
Microsoft Visual Studio Solution File, Format Version 12.00
# Visual Studio Version 16
VisualStudioVersion = 16.0.32802.440
MinimumVisualStudioVersion = 10.0.40219.1
Project("{9A19103F-16F7-4668-BE54-9A1E7A4F7556}") = "sistema-estacionamento-dotnet", "sistema-estacionamento-dotnet\sistema-estacionamento-dotnet.csproj", "{6C6E2D13-C7D7-412B-9AA5-F250C64D7769}"
EndProject
Global
	GlobalSection(SolutionConfigurationPlatforms) = preSolution
		Debug|Any CPU = Debug|Any CPU
		Release|Any CPU = Release|Any CPU
	EndGlobalSection
	GlobalSection(ProjectConfigurationPlatforms) = postSolution
		{6C6E2D13-C7D7-412B-9AA5-F250C64D7769}.Debug|Any CPU.ActiveCfg = Debug|Any CPU
		{6C6E2D13-C7D7-412B-9AA5-F250C64D7769}.Debug|Any CPU.Build.0 = Debug|Any CPU
		{6C6E2D13-C7D7-412B-9AA5-F250C64D7769}.Release|Any CPU.ActiveCfg = Release|Any CPU
		{6C6E2D13-C7D7-412B-9AA5-F250C64D7769}.Release|Any CPU.Build.0 = Release|Any CPU
	EndGlobalSection
	GlobalSection(SolutionProperties) = preSolution
		HideSolutionNode = FALSE
	EndGlobalSection
	GlobalSection(ExtensibilityGlobals) = postSolution
		SolutionGuid = {1F42E60A-CD5D-4400-AC82-7A2630EB5E25}
	EndGlobalSection
EndGlobal
